{
  "algo": "sha256",
  "files": {
    "gates/craft-blink-slit.mjs": "13f41dd40411761213ac05b573e065565cfbbb098a267cc04964f4c88d5a58d2",
    "gates/craft-capsule.mjs": "1ad38cf3bad01ba936c3b704f381665d2923f5d746e8abdd51d3ed245a34866e",
    "gates/craft-contain.mjs": "db2db1bdc849e4708f5c040aed77384570304c3866ed3cc3c101d5ef387100cb",
    "gates/craft-gaze-held.mjs": "f3d64183111428fcd28693e21cd324e584d8ae70b725df41a29a818643dcb2ab",
    "gates/craft-idle-lean.mjs": "c184bdb2fe5a1ed8732a51b8ae4a912bafe3857b074062548b9140e3d170d9ce",
    "gates/craft-live.mjs": "0bb5fb90081a93e520b46091d5b6cf922cf134b69385b0193764deb231c1936e",
    "gates/craft-one-tick.mjs": "092c0c85f817e84f4069330b0554343f44f607600d046421c23589a650b2202e",
    "gates/fixtures/addmass-offscreen.mjs": "a27d673f9d52e97da2987bf262b5af6c1b234a0bc9dcb75095cd613bc3a41488",
    "gates/fixtures/capsule-as-circle.mjs": "053d5b10371dd9b7ae27a9642c2bff88e94eeb32632285b60a470e2536692842",
    "gates/fixtures/circle-shrink-blink.mjs": "87fc85a1387dd5222d1914904d5df02ab2319d5fd6f8c284a4b56ec4c40bbbb6",
    "gates/fixtures/cta-rename.html": "22d78ff96d623063aa8a54d63b2eb09638a198caf579de17d93a749b7f01d7ef",
    "gates/fixtures/dummy-ce.mjs": "80d9b6ef48c898a5029322391a981936d210f56a3902f20c846106aa6e22384e",
    "gates/fixtures/eval-looks.mjs": "7377e551512a03bf38c3b16fe19ba39a27064bf407c0acf9657923e79277bd74",
    "gates/fixtures/gaze-wander.mjs": "d2de5f9fe9c2afdcb9c0d894fd2f29cf63c66d339f78cb52639ece168f32ef71",
    "gates/fixtures/grok-bot-copy.md": "ae4ae83876d1b5565b908330902bfd565bd93d79c738206c6eff1285d23d9898",
    "gates/fixtures/invert-stub.mjs": "7bcbe84b3a0f41fab18d4b5f5aa0d064c72ec7504459c047ec86db2307a6751a",
    "gates/fixtures/lab-ellipses.html": "f985b67dc0ff0b0a31892e2ef1841125a72f6ed88321d2e6112006fa83805375",
    "gates/fixtures/lab-rotate-idle.html": "2c42137a5cc39eeadd8646089e580c214a9119470afb4cb74eecc06b79926594",
    "gates/fixtures/map-row0.mjs": "72ac87f5fd4a05e4dc090bd08368fbe881e83eed14b0081160cd6d6dae24497b",
    "gates/fixtures/painted-hole.mjs": "20607b717d5a66759d0fa9032d33067619ca99e991eec01e1c4a06a207758d1a",
    "gates/fixtures/petdex-copy/pet.json": "1dce65fc3523323e23cdf55046552904bfba8e7cbb13b1eabd1c9746f8a90fb1",
    "gates/fixtures/poke-eyes.mjs": "b494cbb65c3298ed142735daf88e142a45baa0db0bf0f152166085c13dde5675",
    "gates/fixtures/random-seed.mjs": "c2f32dfa64d31d3a2a0cea6146dd1ffdd5ea39469ea2320b790121ac71a9f29b",
    "gates/fixtures/synth-forbidden.mjs": "90973fd1db3d21974343213f525952f79890b65a8254c72df6eca5bf2f0ddf95",
    "gates/fixtures/third-tick.mjs": "fef9e1aa2318ee4a27ee4c35edc23c16bcfb5775de3dc0f0e788abf7ae7b2af0",
    "gates/hash-lock.mjs": "2fc2b5c4c6b796129d0ffb4a1d84c32a67cbaf6438e9f322600cf00cac52f0fc",
    "gates/hygiene-cli.mjs": "92644d97a01fcd74f9799918534b597294ae5c19f9f1e8a89af8feff672e81e2",
    "gates/hygiene-license.mjs": "4bbec22c2d7883ec7a6d545adbb2dd7ba664f689667477c73c3ab44dc60eb174",
    "gates/hygiene-private.mjs": "25d9ce9682dce03d050e74d5dfb93256fb664f4661683e54cd8885591c7e2230",
    "gates/hygiene-skill.mjs": "1a23f6773700c4e4c744056344fe875076a8c8d422453b33f11525f5b506adea",
    "gates/lib/craft-util.mjs": "b074e16f96dbd2a60bd5f7a35ff2082a0bef96883cc7cc3b7eb9e888f4090616",
    "gates/lib/face-metrics.mjs": "ab530cc2c57a196de69b53d687349a5b2f4b800880f95eaffc5b0f0054b78722",
    "gates/lib/field-metrics.mjs": "27a36bda9ef43b88d9810d17f7127e50c7b1160c287cee83fa37c6447674dc0d",
    "gates/lib/pack-atlas.mjs": "3efe5d5837b3783535c9dfabb5ba7b8235ad7d1e8c3cb46f7c50de08cc27e516",
    "gates/lib/pack-cta.mjs": "9f280941486537cf16fea5499456ca922b2cdb6ba7b55dac1d6abc18762ca50e",
    "gates/lib/pack-fail.mjs": "d1daa82b6e4cd1bdca8f3a975afe8facef6b668c5a8b82c38ccc0bca5dfb212b",
    "gates/lib/pack-io.mjs": "d6c0962d83eb158051ed06f36620cdf023969f5c20f61cce1649045db0699dc5",
    "gates/lib/pack-paths.mjs": "8f8d8aa1382364a2ae3d4701ae26853867b8df4fa7cc4046043de60c8603d6c5",
    "gates/lib/pack-raster.mjs": "ff66d40b52ec8a74775362b15c2b8cd799c8b975ebbf4df1cfabdb599f958df0",
    "gates/lib/pack-raster.py": "106b6b039510522c8ddeb6ff43442495db13ecfbc1eb8b820d60166fd813a3eb",
    "gates/lib/pet-unicode.py": "645aeda310e2b5ef5e412e638163d0908dcfc704d693b8e2f1d738f5b50c4544",
    "gates/lib/shape-metrics.mjs": "25430c11538cc7ab9328c4367986412b04f1ff52124ff98a572965043b294ad3",
    "gates/lib/sota-metrics.mjs": "0ea683de109347e8b2c33ec8a9c9bc90b887abb81c401c39b12e6fe036ac5236",
    "gates/pack-alpha.mjs": "f3a442eb4da384fda251c2f2c6375b3399d5482da942dfa28886b616ad1eea7e",
    "gates/pack-consume.mjs": "70048c63667be014bb24be9979dab11030f5e676ceb317b9e543ccb45025d064",
    "gates/pack-contrast.mjs": "462ac1e0d7954121179415598b80b4b19581920e64a39ae4a347e1f757fe09f8",
    "gates/pack-cta.mjs": "a9d6a3c30056c21e536d76dc6d512b0a8dd24631ca7aa300f7f742da126bd7b0",
    "gates/pack-geom.mjs": "8ca370d5e9c387e243ace6486e74cba854bfdddfd49fc1c92f6d8499ee84cbae",
    "gates/pack-identity.mjs": "8e54d88649c7147b7ff4cf755e71e6840f1504fc48689c34e990d0cac163eee9",
    "gates/pack-invert.mjs": "d18faf659f6f93f4d2733bc05578c42292535dfe584135102ee922bd2f13c1cb",
    "gates/pack-map.mjs": "a176f4192d547cfd11b48c1dbab93be72d8c0cf50e58c52614acae2b13779c58",
    "gates/pack-mass.mjs": "0e5caa736558b5745823f5c971656e684ddafda937f5b642f91394ae185de23b",
    "gates/pack-motion.mjs": "21a71975edc47e53d933953084b05158941fa9fb20360ac9dfce4b9845553608",
    "gates/pack-preview.mjs": "41cbfdd49b94b8165693b9063f47a7ab106acdc3bc840b8369c5acc496567516",
    "gates/run-hostile.sh": "9233170d478d93046ab2fd7b4d20731b587c81f86800c7592d004523d7c5217b",
    "gates/sota-csg.mjs": "67173fc2c3f69e57cee21ca270db98f179368af6bf0bb99f8b22f4f8f63f0f78",
    "gates/sota-nl.mjs": "75d68557f9ebba9aefa30a12db950dc3f3d52e3456753e6a334ba1bb7dd32b68",
    "gates/sota-prim.mjs": "4a4aac30621cb917251e344ca2b2535bcdc82bc75558621d7001ad255aebf452",
    "gates/sota-seed.mjs": "072393fd1c00a1aa00ee57161266cb766e59e93be687b392de9529c5e7f4e14a"
  }
}
